// !$*UTF8*$!
{
	archiveVersion = 1;
	classes = {
	};
	objectVersion = 50;
	objects = {

/* Begin PBXBuildFile section */
		BC4D58CE25DA921400581153 /* Main.storyboard in Resources */ = {isa = PBXBuildFile; fileRef = BC4D58CD25DA921400581153 /* Main.storyboard */; };
		BC4D58D225DA94B300581153 /* MainTableViewController.swift in Sources */ = {isa = PBXBuildFile; fileRef = BC4D58D125DA94B300581153 /* MainTableViewController.swift */; };
		BC4D58D525DA94F200581153 /* Article.swift in Sources */ = {isa = PBXBuildFile; fileRef = BC4D58D425DA94F200581153 /* Article.swift */; };
		BC4D58D825DAB8D100581153 /* ArticleCell.swift in Sources */ = {isa = PBXBuildFile; fileRef = BC4D58D725DAB8D100581153 /* ArticleCell.swift */; };
		BC4D58DB25DACC7900581153 /* ArticleViewController.swift in Sources */ = {isa = PBXBuildFile; fileRef = BC4D58DA25DACC7900581153 /* ArticleViewController.swift */; };
		BC84AE1F25828F5500578C13 /* AppDelegate.swift in Sources */ = {isa = PBXBuildFile; fileRef = BC84AE1E25828F5500578C13 /* AppDelegate.swift */; };
		BC84AE2125828F5500578C13 /* SceneDelegate.swift in Sources */ = {isa = PBXBuildFile; fileRef = BC84AE2025828F5500578C13 /* SceneDelegate.swift */; };
		BC84AE2825828F5700578C13 /* Assets.xcassets in Resources */ = {isa = PBXBuildFile; fileRef = BC84AE2725828F5700578C13 /* Assets.xcassets */; };
		BC84AE2B25828F5700578C13 /* LaunchScreen.storyboard in Resources */ = {isa = PBXBuildFile; fileRef = BC84AE2925828F5700578C13 /* LaunchScreen.storyboard */; };
/* End PBXBuildFile section */

/* Begin PBXFileReference section */
		BC4D58CD25DA921400581153 /* Main.storyboard */ = {isa = PBXFileReference; lastKnownFileType = file.storyboard; path = Main.storyboard; sourceTree = "<group>"; };
		BC4D58D125DA94B300581153 /* MainTableViewController.swift */ = {isa = PBXFileReference; lastKnownFileType = sourcecode.swift; path = MainTableViewController.swift; sourceTree = "<group>"; };
		BC4D58D425DA94F200581153 /* Article.swift */ = {isa = PBXFileReference; lastKnownFileType = sourcecode.swift; path = Article.swift; sourceTree = "<group>"; };
		BC4D58D725DAB8D100581153 /* ArticleCell.swift */ = {isa = PBXFileReference; lastKnownFileType = sourcecode.swift; path = ArticleCell.swift; sourceTree = "<group>"; };
		BC4D58DA25DACC7900581153 /* ArticleViewController.swift */ = {isa = PBXFileReference; lastKnownFileType = sourcecode.swift; path = ArticleViewController.swift; sourceTree = "<group>"; };
		BC84AE1B25828F5500578C13 /* Test technique.app */ = {isa = PBXFileReference; explicitFileType = wrapper.application; includeInIndex = 0; path = "Test technique.app"; sourceTree = BUILT_PRODUCTS_DIR; };
		BC84AE1E25828F5500578C13 /* AppDelegate.swift */ = {isa = PBXFileReference; lastKnownFileType = sourcecode.swift; path = AppDelegate.swift; sourceTree = "<group>"; };
		BC84AE2025828F5500578C13 /* SceneDelegate.swift */ = {isa = PBXFileReference; lastKnownFileType = sourcecode.swift; path = SceneDelegate.swift; sourceTree = "<group>"; };
		BC84AE2725828F5700578C13 /* Assets.xcassets */ = {isa = PBXFileReference; lastKnownFileType = folder.assetcatalog; path = Assets.xcassets; sourceTree = "<group>"; };
		BC84AE2A25828F5700578C13 /* Base */ = {isa = PBXFileReference; lastKnownFileType = file.storyboard; name = Base; path = Base.lproj/LaunchScreen.storyboard; sourceTree = "<group>"; };
		BC84AE2C25828F5700578C13 /* Info.plist */ = {isa = PBXFileReference; lastKnownFileType = text.plist.xml; path = Info.plist; sourceTree = "<group>"; };
/* End PBXFileReference section */

/* Begin PBXFrameworksBuildPhase section */
		BC84AE1825828F5500578C13 /* Frameworks */ = {
			isa = PBXFrameworksBuildPhase;
			buildActionMask = 2147483647;
			files = (
			);
			runOnlyForDeploymentPostprocessing = 0;
		};
/* End PBXFrameworksBuildPhase section */

/* Begin PBXGroup section */
		BC84AE1225828F5500578C13 = {
			isa = PBXGroup;
			children = (
				BC84AE1D25828F5500578C13 /* Test technique */,
				BC84AE1C25828F5500578C13 /* Products */,
			);
			sourceTree = "<group>";
		};
		BC84AE1C25828F5500578C13 /* Products */ = {
			isa = PBXGroup;
			children = (
				BC84AE1B25828F5500578C13 /* Test technique.app */,
			);
			name = Products;
			sourceTree = "<group>";
		};
		BC84AE1D25828F5500578C13 /* Test technique */ = {
			isa = PBXGroup;
			children = (
				BC4D58CD25DA921400581153 /* Main.storyboard */,
				BC4D58DA25DACC7900581153 /* ArticleViewController.swift */,
				BC4D58D725DAB8D100581153 /* ArticleCell.swift */,
				BC4D58D125DA94B300581153 /* MainTableViewController.swift */,
				BC4D58D425DA94F200581153 /* Article.swift */,
				BC84AE2725828F5700578C13 /* Assets.xcassets */,
				BC84AE2C25828F5700578C13 /* Info.plist */,
				BC84AE3325828F6E00578C13 /* Assisting files */,
			);
			path = "Test technique";
			sourceTree = "<group>";
		};
		BC84AE3325828F6E00578C13 /* Assisting files */ = {
			isa = PBXGroup;
			children = (
				BC84AE1E25828F5500578C13 /* AppDelegate.swift */,
				BC84AE2025828F5500578C13 /* SceneDelegate.swift */,
				BC84AE2925828F5700578C13 /* LaunchScreen.storyboard */,
			);
			path = "Assisting files";
			sourceTree = "<group>";
		};
/* End PBXGroup section */

/* Begin PBXNativeTarget section */
		BC84AE1A25828F5500578C13 /* Test technique */ = {
			isa = PBXNativeTarget;
			buildConfigurationList = BC84AE2F25828F5700578C13 /* Build configuration list for PBXNativeTarget "Test technique" */;
			buildPhases = (
				BC84AE1725828F5500578C13 /* Sources */,
				BC84AE1825828F5500578C13 /* Frameworks */,
				BC84AE1925828F5500578C13 /* Resources */,
			);
			buildRules = (
			);
			dependencies = (
			);
			name = "Test technique";
			productName = "Test technique";
			productReference = BC84AE1B25828F5500578C13 /* Test technique.app */;
			productType = "com.apple.product-type.application";
		};
/* End PBXNativeTarget section */

/* Begin PBXProject section */
		BC84AE1325828F5500578C13 /* Project object */ = {
			isa = PBXProject;
			attributes = {
				LastSwiftUpdateCheck = 1220;
				LastUpgradeCheck = 1220;
				TargetAttributes = {
					BC84AE1A25828F5500578C13 = {
						CreatedOnToolsVersion = 12.2;
					};
				};
			};
			buildConfigurationList = BC84AE1625828F5500578C13 /* Build configuration list for PBXProject "Test technique" */;
			compatibilityVersion = "Xcode 9.3";
			developmentRegion = en;
			hasScannedForEncodings = 0;
			knownRegions = (
				en,
				Base,
			);
			mainGroup = BC84AE1225828F5500578C13;
			productRefGroup = BC84AE1C25828F5500578C13 /* Products */;
			projectDirPath = "";
			projectRoot = "";
			targets = (
				BC84AE1A25828F5500578C13 /* Test technique */,
			);
		};
/* End PBXProject section */

/* Begin PBXResourcesBuildPhase section */
		BC84AE1925828F5500578C13 /* Resources */ = {
			isa = PBXResourcesBuildPhase;
			buildActionMask = 2147483647;
			files = (
				BC4D58CE25DA921400581153 /* Main.storyboard in Resources */,
				BC84AE2B25828F5700578C13 /* LaunchScreen.storyboard in Resources */,
				BC84AE2825828F5700578C13 /* Assets.xcassets in Resources */,
			);
			runOnlyForDeploymentPostprocessing = 0;
		};
/* End PBXResourcesBuildPhase section */

/* Begin PBXSourcesBuildPhase section */
		BC84AE1725828F5500578C13 /* Sources */ = {
			isa = PBXSourcesBuildPhase;
			buildActionMask = 2147483647;
			files = (
				BC4D58D525DA94F200581153 /* Article.swift in Sources */,
				BC4D58DB25DACC7900581153 /* ArticleViewController.swift in Sources */,
				BC84AE1F25828F5500578C13 /* AppDelegate.swift in Sources */,
				BC4D58D225DA94B300581153 /* MainTableViewController.swift in Sources */,
				BC4D58D825DAB8D100581153 /* ArticleCell.swift in Sources */,
				BC84AE2125828F5500578C13 /* SceneDelegate.swift in Sources */,
			);
			runOnlyForDeploymentPostprocessing = 0;
		};
/* End PBXSourcesBuildPhase section */

/* Begin PBXVariantGroup section */
		BC84AE2925828F5700578C13 /* LaunchScreen.storyboard */ = {
			isa = PBXVariantGroup;
			children = (
				BC84AE2A25828F5700578C13 /* Base */,
			);
			name = LaunchScreen.storyboard;
			sourceTree = "<group>";
		};
/* End PBXVariantGroup section */

/* Begin XCBuildConfiguration section */
		BC84AE2D25828F5700578C13 /* Debug */ = {
			isa = XCBuildConfiguration;
			buildSettings = {
				ALWAYS_SEARCH_USER_PATHS = NO;
				CLANG_ANALYZER_NONNULL = YES;
				CLANG_ANALYZER_NUMBER_OBJECT_CONVERSION = YES_AGGRESSIVE;
				CLANG_CXX_LANGUAGE_STANDARD = "gnu++14";
				CLANG_CXX_LIBRARY = "libc++";
				CLANG_ENABLE_MODULES = YES;
				CLANG_ENABLE_OBJC_ARC = YES;
				CLANG_ENABLE_OBJC_WEAK = YES;
				CLANG_WARN_BLOCK_CAPTURE_AUTORELEASING = YES;
				CLANG_WARN_BOOL_CONVERSION = YES;
				CLANG_WARN_COMMA = YES;
				CLANG_WARN_CONSTANT_CONVERSION = YES;
				CLANG_WARN_DEPRECATED_OBJC_IMPLEMENTATIONS = YES;
				CLANG_WARN_DIRECT_OBJC_ISA_USAGE = YES_ERROR;
				CLANG_WARN_DOCUMENTATION_COMMENTS = YES;
				CLANG_WARN_EMPTY_BODY = YES;
				CLANG_WARN_ENUM_CONVERSION = YES;
				CLANG_WARN_INFINITE_RECURSION = YES;
				CLANG_WARN_INT_CONVERSION = YES;
				CLANG_WARN_NON_LITERAL_NULL_CONVERSION = YES;
				CLANG_WARN_OBJC_IMPLICIT_RETAIN_SELF = YES;
				CLANG_WARN_OBJC_LITERAL_CONVERSION = YES;
				CLANG_WARN_OBJC_ROOT_CLASS = YES_ERROR;
				CLANG_WARN_QUOTED_INCLUDE_IN_FRAMEWORK_HEADER = YES;
				CLANG_WARN_RANGE_LOOP_ANALYSIS = YES;
				CLANG_WARN_STRICT_PROTOTYPES = YES;
				CLANG_WARN_SUSPICIOUS_MOVE = YES;
				CLANG_WARN_UNGUARDED_AVAILABILITY = YES_AGGRESSIVE;
				CLANG_WARN_UNREACHABLE_CODE = YES;
				CLANG_WARN__DUPLICATE_METHOD_MATCH = YES;
				COPY_PHASE_STRIP = NO;
				DEBUG_INFORMATION_FORMAT = dwarf;
				ENABLE_STRICT_OBJC_MSGSEND = YES;
				ENABLE_TESTABILITY = YES;
				GCC_C_LANGUAGE_STANDARD = gnu11;
				GCC_DYNAMIC_NO_PIC = NO;
				GCC_NO_COMMON_BLOCKS = YES;
				GCC_OPTIMIZATION_LEVEL = 0;
				GCC_PREPROCESSOR_DEFINITIONS = (
					"DEBUG=1",
					"$(inherited)",
				);
				GCC_WARN_64_TO_32_BIT_CONVERSION = YES;
				GCC_WARN_ABOUT_RETURN_TYPE = YES_ERROR;
				GCC_WARN_UNDECLARED_SELECTOR = YES;
				GCC_WARN_UNINITIALIZED_AUTOS = YES_AGGRESSIVE;
				GCC_WARN_UNUSED_FUNCTION = YES;
				GCC_WARN_UNUSED_VARIABLE = YES;
				IPHONEOS_DEPLOYMENT_TARGET = 14.2;
				MTL_ENABLE_DEBUG_INFO = INCLUDE_SOURCE;
				MTL_FAST_MATH = YES;
				ONLY_ACTIVE_ARCH = YES;
				SDKROOT = iphoneos;
				SWIFT_ACTIVE_COMPILATION_CONDITIONS = DEBUG;
				SWIFT_OPTIMIZATION_LEVEL = "-Onone";
			};
			name = Debug;
		};
		BC84AE2E25828F5700578C13 /* Release */ = {
			isa = XCBuildConfiguration;
			buildSettings = {
				ALWAYS_SEARCH_USER_PATHS = NO;
				CLANG_ANALYZER_NONNULL = YES;
				CLANG_ANALYZER_NUMBER_OBJECT_CONVERSION = YES_AGGRESSIVE;
				CLANG_CXX_LANGUAGE_STANDARD = "gnu++14";
				CLANG_CXX_LIBRARY = "libc++";
				CLANG_ENABLE_MODULES = YES;
				CLANG_ENABLE_OBJC_ARC = YES;
				CLANG_ENABLE_OBJC_WEAK = YES;
				CLANG_WARN_BLOCK_CAPTURE_AUTORELEASING = YES;
				CLANG_WARN_BOOL_CONVERSION = YES;
				CLANG_WARN_COMMA = YES;
				CLANG_WARN_CONSTANT_CONVERSION = YES;
				CLANG_WARN_DEPRECATED_OBJC_IMPLEMENTATIONS = YES;
				CLANG_WARN_DIRECT_OBJC_ISA_USAGE = YES_ERROR;
				CLANG_WARN_DOCUMENTATION_COMMENTS = YES;
				CLANG_WARN_EMPTY_BODY = YES;
				CLANG_WARN_ENUM_CONVERSION = YES;
				CLANG_WARN_INFINITE_RECURSION = YES;
				CLANG_WARN_INT_CONVERSION = YES;
				CLANG_WARN_NON_LITERAL_NULL_CONVERSION = YES;
				CLANG_WARN_OBJC_IMPLICIT_RETAIN_SELF = YES;
				CLANG_WARN_OBJC_LITERAL_CONVERSION = YES;
				CLANG_WARN_OBJC_ROOT_CLASS = YES_ERROR;
				CLANG_WARN_QUOTED_INCLUDE_IN_FRAMEWORK_HEADER = YES;
				CLANG_WARN_RANGE_LOOP_ANALYSIS = YES;
				CLANG_WARN_STRICT_PROTOTYPES = YES;
				CLANG_WARN_SUSPICIOUS_MOVE = YES;
				CLANG_WARN_UNGUARDED_AVAILABILITY = YES_AGGRESSIVE;
				CLANG_WARN_UNREACHABLE_CODE = YES;
				CLANG_WARN__DUPLICATE_METHOD_MATCH = YES;
				COPY_PHASE_STRIP = NO;
				DEBUG_INFORMATION_FORMAT = "dwarf-with-dsym";
				ENABLE_NS_ASSERTIONS = NO;
				ENABLE_STRICT_OBJC_MSGSEND = YES;
				GCC_C_LANGUAGE_STANDARD = gnu11;
				GCC_NO_COMMON_BLOCKS = YES;
				GCC_WARN_64_TO_32_BIT_CONVERSION = YES;
				GCC_WARN_ABOUT_RETURN_TYPE = YES_ERROR;
				GCC_WARN_UNDECLARED_SELECTOR = YES;
				GCC_WARN_UNINITIALIZED_AUTOS = YES_AGGRESSIVE;
				GCC_WARN_UNUSED_FUNCTION = YES;
				GCC_WARN_UNUSED_VARIABLE = YES;
				IPHONEOS_DEPLOYMENT_TARGET = 14.2;
				MTL_ENABLE_DEBUG_INFO = NO;
				MTL_FAST_MATH = YES;
				SDKROOT = iphoneos;
				SWIFT_COMPILATION_MODE = wholemodule;
				SWIFT_OPTIMIZATION_LEVEL = "-O";
				VALIDATE_PRODUCT = YES;
			};
			name = Release;
		};
		BC84AE3025828F5700578C13 /* Debug */ = {
			isa = XCBuildConfiguration;
			buildSettings = {
				ASSETCATALOG_COMPILER_APPICON_NAME = AppIcon;
				ASSETCATALOG_COMPILER_GLOBAL_ACCENT_COLOR_NAME = AccentColor;
				CODE_SIGN_STYLE = Automatic;
				DEVELOPMENT_TEAM = XGPBG2FN47;
				INFOPLIST_FILE = "Test technique/Info.plist";
				LD_RUNPATH_SEARCH_PATHS = (
					"$(inherited)",
					"@executable_path/Frameworks",
				);
				PRODUCT_BUNDLE_IDENTIFIER = "Emilio-Del-Castillo.Test-technique";
				PRODUCT_NAME = "$(TARGET_NAME)";
				SWIFT_VERSION = 5.0;
				TARGETED_DEVICE_FAMILY = "1,2";
			};
			name = Debug;
		};
		BC84AE3125828F5700578C13 /* Release */ = {
			isa = XCBuildConfiguration;
			buildSettings = {
				ASSETCATALOG_COMPILER_APPICON_NAME = AppIcon;
				ASSETCATALOG_COMPILER_GLOBAL_ACCENT_COLOR_NAME = AccentColor;
				CODE_SIGN_STYLE = Automatic;
				DEVELOPMENT_TEAM = XGPBG2FN47;
				INFOPLIST_FILE = "Test technique/Info.plist";
				LD_RUNPATH_SEARCH_PATHS = (
					"$(inherited)",
					"@executable_path/Frameworks",
				);
				PRODUCT_BUNDLE_IDENTIFIER = "Emilio-Del-Castillo.Test-technique";
				PRODUCT_NAME = "$(TARGET_NAME)";
				SWIFT_VERSION = 5.0;
				TARGETED_DEVICE_FAMILY = "1,2";
			};
			name = Release;
		};
/* End XCBuildConfiguration section */

/* Begin XCConfigurationList section */
		BC84AE1625828F5500578C13 /* Build configuration list for PBXProject "Test technique" */ = {
			isa = XCConfigurationList;
			buildConfigurations = (
				BC84AE2D25828F5700578C13 /* Debug */,
				BC84AE2E25828F5700578C13 /* Release */,
			);
			defaultConfigurationIsVisible = 0;
			defaultConfigurationName = Release;
		};
		BC84AE2F25828F5700578C13 /* Build configuration list for PBXNativeTarget "Test technique" */ = {
			isa = XCConfigurationList;
			buildConfigurations = (
				BC84AE3025828F5700578C13 /* Debug */,
				BC84AE3125828F5700578C13 /* Release */,
			);
			defaultConfigurationIsVisible = 0;
			defaultConfigurationName = Release;
		};
/* End XCConfigurationList section */
	};
	rootObject = BC84AE1325828F5500578C13 /* Project object */;
}
